
Microsoft Visual Studio Solution File, Format Version 12.00
# Visual Studio 2012
Project("{FAE04EC0-301F-11D3-BF4B-00C04F79EFBC}") = "PlutoRover", "PlutoRover\PlutoRover.csproj", "{B1C73962-7931-42D4-8CC9-A1A359C4D977}"
EndProject
Project("{FAE04EC0-301F-11D3-BF4B-00C04F79EFBC}") = "PlutoRover.Tests", "PlutoRover.Tests\PlutoRover.Tests.csproj", "{C665748B-C885-42AE-BF23-3D09F021B232}"
EndProject
Global
	GlobalSection(SolutionConfigurationPlatforms) = preSolution
		Debug|Any CPU = Debug|Any CPU
		Release|Any CPU = Release|Any CPU
	EndGlobalSection
	GlobalSection(ProjectConfigurationPlatforms) = postSolution
		{B1C73962-7931-42D4-8CC9-A1A359C4D977}.Debug|Any CPU.ActiveCfg = Debug|Any CPU
		{B1C73962-7931-42D4-8CC9-A1A359C4D977}.Debug|Any CPU.Build.0 = Debug|Any CPU
		{B1C73962-7931-42D4-8CC9-A1A359C4D977}.Release|Any CPU.ActiveCfg = Release|Any CPU
		{B1C73962-7931-42D4-8CC9-A1A359C4D977}.Release|Any CPU.Build.0 = Release|Any CPU
		{C665748B-C885-42AE-BF23-3D09F021B232}.Debug|Any CPU.ActiveCfg = Debug|Any CPU
		{C665748B-C885-42AE-BF23-3D09F021B232}.Debug|Any CPU.Build.0 = Debug|Any CPU
		{C665748B-C885-42AE-BF23-3D09F021B232}.Release|Any CPU.ActiveCfg = Release|Any CPU
		{C665748B-C885-42AE-BF23-3D09F021B232}.Release|Any CPU.Build.0 = Release|Any CPU
	EndGlobalSection
EndGlobal
